
Microsoft Visual Studio Solution File, Format Version 12.00
# Visual Studio 15
VisualStudioVersion = 15.0.28307.572
MinimumVisualStudioVersion = 10.0.40219.1
Project("{FAE04EC0-301F-11D3-BF4B-00C04F79EFBC}") = "BelalTransportGUI", "BelalTransportGUI\BelalTransportGUI.csproj", "{5CD6EF3A-63C0-41F2-AB12-23A221082FF2}"
EndProject
Project("{FAE04EC0-301F-11D3-BF4B-00C04F79EFBC}") = "UnitTestBelal", "UnitTestBelal\UnitTestBelal.csproj", "{676F89AF-577A-4871-8B41-55268899DAE4}"
EndProject
Global
	GlobalSection(SolutionConfigurationPlatforms) = preSolution
		Debug|Any CPU = Debug|Any CPU
		Release|Any CPU = Release|Any CPU
	EndGlobalSection
	GlobalSection(ProjectConfigurationPlatforms) = postSolution
		{5CD6EF3A-63C0-41F2-AB12-23A221082FF2}.Debug|Any CPU.ActiveCfg = Debug|Any CPU
		{5CD6EF3A-63C0-41F2-AB12-23A221082FF2}.Debug|Any CPU.Build.0 = Debug|Any CPU
		{5CD6EF3A-63C0-41F2-AB12-23A221082FF2}.Release|Any CPU.ActiveCfg = Release|Any CPU
		{5CD6EF3A-63C0-41F2-AB12-23A221082FF2}.Release|Any CPU.Build.0 = Release|Any CPU
		{676F89AF-577A-4871-8B41-55268899DAE4}.Debug|Any CPU.ActiveCfg = Debug|Any CPU
		{676F89AF-577A-4871-8B41-55268899DAE4}.Debug|Any CPU.Build.0 = Debug|Any CPU
		{676F89AF-577A-4871-8B41-55268899DAE4}.Release|Any CPU.ActiveCfg = Release|Any CPU
		{676F89AF-577A-4871-8B41-55268899DAE4}.Release|Any CPU.Build.0 = Release|Any CPU
	EndGlobalSection
	GlobalSection(SolutionProperties) = preSolution
		HideSolutionNode = FALSE
	EndGlobalSection
	GlobalSection(ExtensibilityGlobals) = postSolution
		SolutionGuid = {95489F5E-B300-4A95-9980-A73BE674880C}
	EndGlobalSection
EndGlobal
